
Microsoft Visual Studio Solution File, Format Version 12.00
# Visual Studio Version 16
VisualStudioVersion = 16.0.30104.148
MinimumVisualStudioVersion = 10.0.40219.1
Project("{FAE04EC0-301F-11D3-BF4B-00C04F79EFBC}") = "WebApi1", "WebApi1\WebApi1.csproj", "{6CC6F79B-70D3-458E-909C-EB8EC20DA3EB}"
EndProject
Global
	GlobalSection(SolutionConfigurationPlatforms) = preSolution
		Debug|Any CPU = Debug|Any CPU
		Release|Any CPU = Release|Any CPU
	EndGlobalSection
	GlobalSection(ProjectConfigurationPlatforms) = postSolution
		{6CC6F79B-70D3-458E-909C-EB8EC20DA3EB}.Debug|Any CPU.ActiveCfg = Debug|Any CPU
		{6CC6F79B-70D3-458E-909C-EB8EC20DA3EB}.Debug|Any CPU.Build.0 = Debug|Any CPU
		{6CC6F79B-70D3-458E-909C-EB8EC20DA3EB}.Release|Any CPU.ActiveCfg = Release|Any CPU
		{6CC6F79B-70D3-458E-909C-EB8EC20DA3EB}.Release|Any CPU.Build.0 = Release|Any CPU
	EndGlobalSection
	GlobalSection(SolutionProperties) = preSolution
		HideSolutionNode = FALSE
	EndGlobalSection
	GlobalSection(ExtensibilityGlobals) = postSolution
		SolutionGuid = {B5F52F31-DE4A-480A-A794-CD5D877C8040}
	EndGlobalSection
EndGlobal
